// !$*UTF8*$!
{
	archiveVersion = 1;
	classes = {
	};
	objectVersion = 51;
	objects = {

/* Begin PBXBuildFile section */
		3064FEC52638874D00E11394 /* PersonalCabinetViewController.swift in Sources */ = {isa = PBXBuildFile; fileRef = 3064FEC42638874D00E11394 /* PersonalCabinetViewController.swift */; };
		3064FECA2638885100E11394 /* PersonalCabinetModel.swift in Sources */ = {isa = PBXBuildFile; fileRef = 3064FEC92638885100E11394 /* PersonalCabinetModel.swift */; };
		3064FECD26388F1900E11394 /* MyProfileInfoTableViewCell.swift in Sources */ = {isa = PBXBuildFile; fileRef = 3064FECC26388F1900E11394 /* MyProfileInfoTableViewCell.swift */; };
		3064FED02638920F00E11394 /* String + Extension.swift in Sources */ = {isa = PBXBuildFile; fileRef = 3064FECF2638920F00E11394 /* String + Extension.swift */; };
		3064FED7263B0DFF00E11394 /* SettingsViewController.swift in Sources */ = {isa = PBXBuildFile; fileRef = 3064FED6263B0DFE00E11394 /* SettingsViewController.swift */; };
		30982F86263DAC17006BBFD6 /* UIApplication + Extension.swift in Sources */ = {isa = PBXBuildFile; fileRef = 30982F85263DAC17006BBFD6 /* UIApplication + Extension.swift */; };
		30982F8A263EEFCE006BBFD6 /* MainMapViewController.swift in Sources */ = {isa = PBXBuildFile; fileRef = 30982F89263EEFCE006BBFD6 /* MainMapViewController.swift */; };
		30982FA4263F01AF006BBFD6 /* MapTitleView.swift in Sources */ = {isa = PBXBuildFile; fileRef = 30982FA3263F01AF006BBFD6 /* MapTitleView.swift */; };
		30982FA9263F0E7E006BBFD6 /* VideoModeView.swift in Sources */ = {isa = PBXBuildFile; fileRef = 30982FA8263F0E7E006BBFD6 /* VideoModeView.swift */; };
		30A6567326038A8900D6F81D /* AppDelegate.swift in Sources */ = {isa = PBXBuildFile; fileRef = 30A6567226038A8900D6F81D /* AppDelegate.swift */; };
		30A6567526038A8900D6F81D /* SceneDelegate.swift in Sources */ = {isa = PBXBuildFile; fileRef = 30A6567426038A8900D6F81D /* SceneDelegate.swift */; };
		30A6567C26038A8D00D6F81D /* Assets.xcassets in Resources */ = {isa = PBXBuildFile; fileRef = 30A6567B26038A8D00D6F81D /* Assets.xcassets */; };
		30A6567F26038A8D00D6F81D /* LaunchScreen.storyboard in Resources */ = {isa = PBXBuildFile; fileRef = 30A6567D26038A8D00D6F81D /* LaunchScreen.storyboard */; };
		30AB20462636B09800F97736 /* UIColor + Extension.swift in Sources */ = {isa = PBXBuildFile; fileRef = 30AB20452636B09800F97736 /* UIColor + Extension.swift */; };
		30AB204A2636B13E00F97736 /* SignInViewController.swift in Sources */ = {isa = PBXBuildFile; fileRef = 30AB20492636B13E00F97736 /* SignInViewController.swift */; };
		30AB204F2636B3DC00F97736 /* sf-ui-display-medium-58646be638f96.otf in Resources */ = {isa = PBXBuildFile; fileRef = 30AB204E2636B3DC00F97736 /* sf-ui-display-medium-58646be638f96.otf */; };
		30AB20522636B40E00F97736 /* UIFont + Extension.swift in Sources */ = {isa = PBXBuildFile; fileRef = 30AB20512636B40E00F97736 /* UIFont + Extension.swift */; };
		30AB20552636B4FD00F97736 /* UILabel + Extension.swift in Sources */ = {isa = PBXBuildFile; fileRef = 30AB20542636B4FD00F97736 /* UILabel + Extension.swift */; };
		30AB20582636B7AF00F97736 /* UIButton + Extension.swift in Sources */ = {isa = PBXBuildFile; fileRef = 30AB20572636B7AF00F97736 /* UIButton + Extension.swift */; };
		30AB20722636C65100F97736 /* ofont.ru_SFUIDisplay.ttf in Resources */ = {isa = PBXBuildFile; fileRef = 30AB20712636C65100F97736 /* ofont.ru_SFUIDisplay.ttf */; };
		30AB20762636CC8A00F97736 /* Globals.swift in Sources */ = {isa = PBXBuildFile; fileRef = 30AB20752636CC8A00F97736 /* Globals.swift */; };
		30AB2079263756D600F97736 /* OTPViewController.swift in Sources */ = {isa = PBXBuildFile; fileRef = 30AB2078263756D600F97736 /* OTPViewController.swift */; };
		30AB2081263758BE00F97736 /* OTPTextField.swift in Sources */ = {isa = PBXBuildFile; fileRef = 30AB2080263758BE00F97736 /* OTPTextField.swift */; };
		30AB2085263758E500F97736 /* OTPStackView.swift in Sources */ = {isa = PBXBuildFile; fileRef = 30AB2084263758E500F97736 /* OTPStackView.swift */; };
		30AB20892637595D00F97736 /* CALayer + Extension.swift in Sources */ = {isa = PBXBuildFile; fileRef = 30AB20882637595D00F97736 /* CALayer + Extension.swift */; };
		30AB208C26375C5300F97736 /* NavigationController + Extension.swift in Sources */ = {isa = PBXBuildFile; fileRef = 30AB208B26375C5300F97736 /* NavigationController + Extension.swift */; };
		30AB208F2637638E00F97736 /* PersonalDataViewController.swift in Sources */ = {isa = PBXBuildFile; fileRef = 30AB208E2637638E00F97736 /* PersonalDataViewController.swift */; };
		30AB20922637F59200F97736 /* sf-ui-display-semibold-58646eddcae92.otf in Resources */ = {isa = PBXBuildFile; fileRef = 30AB20912637F59100F97736 /* sf-ui-display-semibold-58646eddcae92.otf */; };
		30AB20962637FB6C00F97736 /* TextFieldView.swift in Sources */ = {isa = PBXBuildFile; fileRef = 30AB20952637FB6B00F97736 /* TextFieldView.swift */; };
		30AB20992637FC5900F97736 /* UITextField + Extension.swift in Sources */ = {isa = PBXBuildFile; fileRef = 30AB20982637FC5900F97736 /* UITextField + Extension.swift */; };
		30BE11172643FD6C006FC056 /* ServerAddressConstants.swift in Sources */ = {isa = PBXBuildFile; fileRef = 30BE11162643FD6C006FC056 /* ServerAddressConstants.swift */; };
		30BE111A2644004C006FC056 /* AuthService.swift in Sources */ = {isa = PBXBuildFile; fileRef = 30BE11192644004C006FC056 /* AuthService.swift */; };
		30BE111C26440088006FC056 /* APIManager.swift in Sources */ = {isa = PBXBuildFile; fileRef = 30BE111B26440088006FC056 /* APIManager.swift */; };
		30BE111E264405D0006FC056 /* APIError.swift in Sources */ = {isa = PBXBuildFile; fileRef = 30BE111D264405D0006FC056 /* APIError.swift */; };
		30BE112026441680006FC056 /* NetworkingGlobalModels.swift in Sources */ = {isa = PBXBuildFile; fileRef = 30BE111F26441680006FC056 /* NetworkingGlobalModels.swift */; };
		BF64CA5F1434532D2665A228 /* Pods_SignDetector.framework in Frameworks */ = {isa = PBXBuildFile; fileRef = 20BEA6F3DE524B2926CCFB62 /* Pods_SignDetector.framework */; };
/* End PBXBuildFile section */

/* Begin PBXFileReference section */
		20BEA6F3DE524B2926CCFB62 /* Pods_SignDetector.framework */ = {isa = PBXFileReference; explicitFileType = wrapper.framework; includeInIndex = 0; path = Pods_SignDetector.framework; sourceTree = BUILT_PRODUCTS_DIR; };
		3064FEC42638874D00E11394 /* PersonalCabinetViewController.swift */ = {isa = PBXFileReference; lastKnownFileType = sourcecode.swift; path = PersonalCabinetViewController.swift; sourceTree = "<group>"; };
		3064FEC92638885100E11394 /* PersonalCabinetModel.swift */ = {isa = PBXFileReference; lastKnownFileType = sourcecode.swift; path = PersonalCabinetModel.swift; sourceTree = "<group>"; };
		3064FECC26388F1900E11394 /* MyProfileInfoTableViewCell.swift */ = {isa = PBXFileReference; lastKnownFileType = sourcecode.swift; path = MyProfileInfoTableViewCell.swift; sourceTree = "<group>"; };
		3064FECF2638920F00E11394 /* String + Extension.swift */ = {isa = PBXFileReference; lastKnownFileType = sourcecode.swift; path = "String + Extension.swift"; sourceTree = "<group>"; };
		3064FED6263B0DFE00E11394 /* SettingsViewController.swift */ = {isa = PBXFileReference; lastKnownFileType = sourcecode.swift; path = SettingsViewController.swift; sourceTree = "<group>"; };
		30982F85263DAC17006BBFD6 /* UIApplication + Extension.swift */ = {isa = PBXFileReference; lastKnownFileType = sourcecode.swift; path = "UIApplication + Extension.swift"; sourceTree = "<group>"; };
		30982F89263EEFCE006BBFD6 /* MainMapViewController.swift */ = {isa = PBXFileReference; lastKnownFileType = sourcecode.swift; path = MainMapViewController.swift; sourceTree = "<group>"; };
		30982FA3263F01AF006BBFD6 /* MapTitleView.swift */ = {isa = PBXFileReference; lastKnownFileType = sourcecode.swift; path = MapTitleView.swift; sourceTree = "<group>"; };
		30982FA8263F0E7E006BBFD6 /* VideoModeView.swift */ = {isa = PBXFileReference; lastKnownFileType = sourcecode.swift; path = VideoModeView.swift; sourceTree = "<group>"; };
		30A6566F26038A8900D6F81D /* SignDetector.app */ = {isa = PBXFileReference; explicitFileType = wrapper.application; includeInIndex = 0; path = SignDetector.app; sourceTree = BUILT_PRODUCTS_DIR; };
		30A6567226038A8900D6F81D /* AppDelegate.swift */ = {isa = PBXFileReference; lastKnownFileType = sourcecode.swift; path = AppDelegate.swift; sourceTree = "<group>"; };
		30A6567426038A8900D6F81D /* SceneDelegate.swift */ = {isa = PBXFileReference; lastKnownFileType = sourcecode.swift; path = SceneDelegate.swift; sourceTree = "<group>"; };
		30A6567B26038A8D00D6F81D /* Assets.xcassets */ = {isa = PBXFileReference; lastKnownFileType = folder.assetcatalog; path = Assets.xcassets; sourceTree = "<group>"; };
		30A6567E26038A8D00D6F81D /* Base */ = {isa = PBXFileReference; lastKnownFileType = file.storyboard; name = Base; path = Base.lproj/LaunchScreen.storyboard; sourceTree = "<group>"; };
		30A6568026038A8D00D6F81D /* Info.plist */ = {isa = PBXFileReference; lastKnownFileType = text.plist.xml; path = Info.plist; sourceTree = "<group>"; };
		30AB1C52DCF9290157196F7B /* Pods-SignDetector.debug.xcconfig */ = {isa = PBXFileReference; includeInIndex = 1; lastKnownFileType = text.xcconfig; name = "Pods-SignDetector.debug.xcconfig"; path = "Target Support Files/Pods-SignDetector/Pods-SignDetector.debug.xcconfig"; sourceTree = "<group>"; };
		30AB20452636B09800F97736 /* UIColor + Extension.swift */ = {isa = PBXFileReference; lastKnownFileType = sourcecode.swift; path = "UIColor + Extension.swift"; sourceTree = "<group>"; };
		30AB20492636B13E00F97736 /* SignInViewController.swift */ = {isa = PBXFileReference; lastKnownFileType = sourcecode.swift; path = SignInViewController.swift; sourceTree = "<group>"; };
		30AB204E2636B3DC00F97736 /* sf-ui-display-medium-58646be638f96.otf */ = {isa = PBXFileReference; lastKnownFileType = file; path = "sf-ui-display-medium-58646be638f96.otf"; sourceTree = "<group>"; };
		30AB20512636B40E00F97736 /* UIFont + Extension.swift */ = {isa = PBXFileReference; lastKnownFileType = sourcecode.swift; path = "UIFont + Extension.swift"; sourceTree = "<group>"; };
		30AB20542636B4FD00F97736 /* UILabel + Extension.swift */ = {isa = PBXFileReference; lastKnownFileType = sourcecode.swift; path = "UILabel + Extension.swift"; sourceTree = "<group>"; };
		30AB20572636B7AF00F97736 /* UIButton + Extension.swift */ = {isa = PBXFileReference; lastKnownFileType = sourcecode.swift; path = "UIButton + Extension.swift"; sourceTree = "<group>"; };
		30AB20712636C65100F97736 /* ofont.ru_SFUIDisplay.ttf */ = {isa = PBXFileReference; lastKnownFileType = file; path = ofont.ru_SFUIDisplay.ttf; sourceTree = "<group>"; };
		30AB20752636CC8A00F97736 /* Globals.swift */ = {isa = PBXFileReference; lastKnownFileType = sourcecode.swift; path = Globals.swift; sourceTree = "<group>"; };
		30AB2078263756D600F97736 /* OTPViewController.swift */ = {isa = PBXFileReference; lastKnownFileType = sourcecode.swift; path = OTPViewController.swift; sourceTree = "<group>"; };
		30AB2080263758BE00F97736 /* OTPTextField.swift */ = {isa = PBXFileReference; lastKnownFileType = sourcecode.swift; path = OTPTextField.swift; sourceTree = "<group>"; };
		30AB2084263758E500F97736 /* OTPStackView.swift */ = {isa = PBXFileReference; lastKnownFileType = sourcecode.swift; path = OTPStackView.swift; sourceTree = "<group>"; };
		30AB20882637595D00F97736 /* CALayer + Extension.swift */ = {isa = PBXFileReference; lastKnownFileType = sourcecode.swift; path = "CALayer + Extension.swift"; sourceTree = "<group>"; };
		30AB208B26375C5300F97736 /* NavigationController + Extension.swift */ = {isa = PBXFileReference; lastKnownFileType = sourcecode.swift; path = "NavigationController + Extension.swift"; sourceTree = "<group>"; };
		30AB208E2637638E00F97736 /* PersonalDataViewController.swift */ = {isa = PBXFileReference; lastKnownFileType = sourcecode.swift; path = PersonalDataViewController.swift; sourceTree = "<group>"; };
		30AB20912637F59100F97736 /* sf-ui-display-semibold-58646eddcae92.otf */ = {isa = PBXFileReference; lastKnownFileType = file; path = "sf-ui-display-semibold-58646eddcae92.otf"; sourceTree = "<group>"; };
		30AB20952637FB6B00F97736 /* TextFieldView.swift */ = {isa = PBXFileReference; lastKnownFileType = sourcecode.swift; path = TextFieldView.swift; sourceTree = "<group>"; };
		30AB20982637FC5900F97736 /* UITextField + Extension.swift */ = {isa = PBXFileReference; lastKnownFileType = sourcecode.swift; path = "UITextField + Extension.swift"; sourceTree = "<group>"; };
		30BE11162643FD6C006FC056 /* ServerAddressConstants.swift */ = {isa = PBXFileReference; lastKnownFileType = sourcecode.swift; path = ServerAddressConstants.swift; sourceTree = "<group>"; };
		30BE11192644004C006FC056 /* AuthService.swift */ = {isa = PBXFileReference; lastKnownFileType = sourcecode.swift; path = AuthService.swift; sourceTree = "<group>"; };
		30BE111B26440088006FC056 /* APIManager.swift */ = {isa = PBXFileReference; lastKnownFileType = sourcecode.swift; path = APIManager.swift; sourceTree = "<group>"; };
		30BE111D264405D0006FC056 /* APIError.swift */ = {isa = PBXFileReference; lastKnownFileType = sourcecode.swift; path = APIError.swift; sourceTree = "<group>"; };
		30BE111F26441680006FC056 /* NetworkingGlobalModels.swift */ = {isa = PBXFileReference; lastKnownFileType = sourcecode.swift; path = NetworkingGlobalModels.swift; sourceTree = "<group>"; };
		738761DD886E9BF96DFB658A /* Pods-SignDetector.release.xcconfig */ = {isa = PBXFileReference; includeInIndex = 1; lastKnownFileType = text.xcconfig; name = "Pods-SignDetector.release.xcconfig"; path = "Target Support Files/Pods-SignDetector/Pods-SignDetector.release.xcconfig"; sourceTree = "<group>"; };
/* End PBXFileReference section */

/* Begin PBXFrameworksBuildPhase section */
		30A6566C26038A8900D6F81D /* Frameworks */ = {
			isa = PBXFrameworksBuildPhase;
			buildActionMask = 2147483647;
			files = (
				BF64CA5F1434532D2665A228 /* Pods_SignDetector.framework in Frameworks */,
			);
			runOnlyForDeploymentPostprocessing = 0;
		};
/* End PBXFrameworksBuildPhase section */

/* Begin PBXGroup section */
		3064FEC22638868A00E11394 /* Main */ = {
			isa = PBXGroup;
			children = (
				30982F88263EEFC0006BBFD6 /* MapScene */,
				3064FED5263B0DF000E11394 /* SettingsScene */,
				3064FEC32638871D00E11394 /* PersonalCabinetScene */,
			);
			path = Main;
			sourceTree = "<group>";
		};
		3064FEC32638871D00E11394 /* PersonalCabinetScene */ = {
			isa = PBXGroup;
			children = (
				3064FED22638923E00E11394 /* Models */,
				3064FEC82638884100E11394 /* Views */,
				3064FED3263892D000E11394 /* Controllers */,
			);
			path = PersonalCabinetScene;
			sourceTree = "<group>";
		};
		3064FEC82638884100E11394 /* Views */ = {
			isa = PBXGroup;
			children = (
				3064FECC26388F1900E11394 /* MyProfileInfoTableViewCell.swift */,
			);
			path = Views;
			sourceTree = "<group>";
		};
		3064FED22638923E00E11394 /* Models */ = {
			isa = PBXGroup;
			children = (
				3064FEC92638885100E11394 /* PersonalCabinetModel.swift */,
			);
			path = Models;
			sourceTree = "<group>";
		};
		3064FED3263892D000E11394 /* Controllers */ = {
			isa = PBXGroup;
			children = (
				3064FEC42638874D00E11394 /* PersonalCabinetViewController.swift */,
			);
			path = Controllers;
			sourceTree = "<group>";
		};
		3064FED5263B0DF000E11394 /* SettingsScene */ = {
			isa = PBXGroup;
			children = (
				3064FED6263B0DFE00E11394 /* SettingsViewController.swift */,
			);
			path = SettingsScene;
			sourceTree = "<group>";
		};
		3074EA72262EF75900886D58 /* Modules */ = {
			isa = PBXGroup;
			children = (
				3074EA74262EF78D00886D58 /* SignIn&SignUp */,
				3064FEC22638868A00E11394 /* Main */,
			);
			path = Modules;
			sourceTree = "<group>";
		};
		3074EA74262EF78D00886D58 /* SignIn&SignUp */ = {
			isa = PBXGroup;
			children = (
				30AB207B2637587500F97736 /* Views */,
				30AB207C2637587F00F97736 /* Controllers */,
			);
			path = "SignIn&SignUp";
			sourceTree = "<group>";
		};
		30982F88263EEFC0006BBFD6 /* MapScene */ = {
			isa = PBXGroup;
			children = (
				30982FA2263F01A2006BBFD6 /* Views */,
				30982F89263EEFCE006BBFD6 /* MainMapViewController.swift */,
			);
			path = MapScene;
			sourceTree = "<group>";
		};
		30982FA2263F01A2006BBFD6 /* Views */ = {
			isa = PBXGroup;
			children = (
				30982FA3263F01AF006BBFD6 /* MapTitleView.swift */,
				30982FA8263F0E7E006BBFD6 /* VideoModeView.swift */,
			);
			path = Views;
			sourceTree = "<group>";
		};
		30A6566626038A8900D6F81D = {
			isa = PBXGroup;
			children = (
				30A6567126038A8900D6F81D /* SignDetector */,
				30A6567026038A8900D6F81D /* Products */,
				C8446CEDBD04FD640022E781 /* Pods */,
				72051B4FD4C67F954D3C32FD /* Frameworks */,
			);
			sourceTree = "<group>";
		};
		30A6567026038A8900D6F81D /* Products */ = {
			isa = PBXGroup;
			children = (
				30A6566F26038A8900D6F81D /* SignDetector.app */,
			);
			name = Products;
			sourceTree = "<group>";
		};
		30A6567126038A8900D6F81D /* SignDetector */ = {
			isa = PBXGroup;
			children = (
				30BE11152643FD4E006FC056 /* Networking */,
				30AB204D2636B30600F97736 /* Fonts */,
				3074EA72262EF75900886D58 /* Modules */,
				30AB20442636B06100F97736 /* Extensions */,
				30A6567226038A8900D6F81D /* AppDelegate.swift */,
				30A6567426038A8900D6F81D /* SceneDelegate.swift */,
				30A6567B26038A8D00D6F81D /* Assets.xcassets */,
				30A6567D26038A8D00D6F81D /* LaunchScreen.storyboard */,
				30A6568026038A8D00D6F81D /* Info.plist */,
				30AB20752636CC8A00F97736 /* Globals.swift */,
			);
			path = SignDetector;
			sourceTree = "<group>";
		};
		30AB20442636B06100F97736 /* Extensions */ = {
			isa = PBXGroup;
			children = (
				30AB20452636B09800F97736 /* UIColor + Extension.swift */,
				30AB20512636B40E00F97736 /* UIFont + Extension.swift */,
				30AB20542636B4FD00F97736 /* UILabel + Extension.swift */,
				30AB20572636B7AF00F97736 /* UIButton + Extension.swift */,
				30AB20882637595D00F97736 /* CALayer + Extension.swift */,
				30AB208B26375C5300F97736 /* NavigationController + Extension.swift */,
				30AB20982637FC5900F97736 /* UITextField + Extension.swift */,
				3064FECF2638920F00E11394 /* String + Extension.swift */,
				30982F85263DAC17006BBFD6 /* UIApplication + Extension.swift */,
			);
			path = Extensions;
			sourceTree = "<group>";
		};
		30AB204D2636B30600F97736 /* Fonts */ = {
			isa = PBXGroup;
			children = (
				30AB20712636C65100F97736 /* ofont.ru_SFUIDisplay.ttf */,
				30AB204E2636B3DC00F97736 /* sf-ui-display-medium-58646be638f96.otf */,
				30AB20912637F59100F97736 /* sf-ui-display-semibold-58646eddcae92.otf */,
			);
			path = Fonts;
			sourceTree = "<group>";
		};
		30AB207B2637587500F97736 /* Views */ = {
			isa = PBXGroup;
			children = (
				30AB2080263758BE00F97736 /* OTPTextField.swift */,
				30AB2084263758E500F97736 /* OTPStackView.swift */,
				30AB20952637FB6B00F97736 /* TextFieldView.swift */,
			);
			path = Views;
			sourceTree = "<group>";
		};
		30AB207C2637587F00F97736 /* Controllers */ = {
			isa = PBXGroup;
			children = (
				30AB20492636B13E00F97736 /* SignInViewController.swift */,
				30AB2078263756D600F97736 /* OTPViewController.swift */,
				30AB208E2637638E00F97736 /* PersonalDataViewController.swift */,
			);
			path = Controllers;
			sourceTree = "<group>";
		};
		30BE11152643FD4E006FC056 /* Networking */ = {
			isa = PBXGroup;
			children = (
				30BE11162643FD6C006FC056 /* ServerAddressConstants.swift */,
				30BE11182643FE73006FC056 /* Services */,
				30BE111D264405D0006FC056 /* APIError.swift */,
				30BE111F26441680006FC056 /* NetworkingGlobalModels.swift */,
			);
			path = Networking;
			sourceTree = "<group>";
		};
		30BE11182643FE73006FC056 /* Services */ = {
			isa = PBXGroup;
			children = (
				30BE11192644004C006FC056 /* AuthService.swift */,
				30BE111B26440088006FC056 /* APIManager.swift */,
			);
			path = Services;
			sourceTree = "<group>";
		};
		72051B4FD4C67F954D3C32FD /* Frameworks */ = {
			isa = PBXGroup;
			children = (
				20BEA6F3DE524B2926CCFB62 /* Pods_SignDetector.framework */,
			);
			name = Frameworks;
			sourceTree = "<group>";
		};
		C8446CEDBD04FD640022E781 /* Pods */ = {
			isa = PBXGroup;
			children = (
				30AB1C52DCF9290157196F7B /* Pods-SignDetector.debug.xcconfig */,
				738761DD886E9BF96DFB658A /* Pods-SignDetector.release.xcconfig */,
			);
			path = Pods;
			sourceTree = "<group>";
		};
/* End PBXGroup section */

/* Begin PBXNativeTarget section */
		30A6566E26038A8900D6F81D /* SignDetector */ = {
			isa = PBXNativeTarget;
			buildConfigurationList = 30A6568326038A8D00D6F81D /* Build configuration list for PBXNativeTarget "SignDetector" */;
			buildPhases = (
				32D93B3112FE55B6553E95AB /* [CP] Check Pods Manifest.lock */,
				30A6566B26038A8900D6F81D /* Sources */,
				30A6566C26038A8900D6F81D /* Frameworks */,
				30A6566D26038A8900D6F81D /* Resources */,
				28F498F5AC8B90945CD5F31A /* [CP] Embed Pods Frameworks */,
				6D9765B6788E8B8BF2DA47F1 /* [CP] Copy Pods Resources */,
			);
			buildRules = (
			);
			dependencies = (
			);
			name = SignDetector;
			productName = SignDetector;
			productReference = 30A6566F26038A8900D6F81D /* SignDetector.app */;
			productType = "com.apple.product-type.application";
		};
/* End PBXNativeTarget section */

/* Begin PBXProject section */
		30A6566726038A8900D6F81D /* Project object */ = {
			isa = PBXProject;
			attributes = {
				LastSwiftUpdateCheck = 1230;
				LastUpgradeCheck = 1230;
				TargetAttributes = {
					30A6566E26038A8900D6F81D = {
						CreatedOnToolsVersion = 12.3;
					};
				};
			};
			buildConfigurationList = 30A6566A26038A8900D6F81D /* Build configuration list for PBXProject "SignDetector" */;
			compatibilityVersion = "Xcode 9.3";
			developmentRegion = en;
			hasScannedForEncodings = 0;
			knownRegions = (
				en,
				Base,
			);
			mainGroup = 30A6566626038A8900D6F81D;
			productRefGroup = 30A6567026038A8900D6F81D /* Products */;
			projectDirPath = "";
			projectRoot = "";
			targets = (
				30A6566E26038A8900D6F81D /* SignDetector */,
			);
		};
/* End PBXProject section */

/* Begin PBXResourcesBuildPhase section */
		30A6566D26038A8900D6F81D /* Resources */ = {
			isa = PBXResourcesBuildPhase;
			buildActionMask = 2147483647;
			files = (
				30A6567F26038A8D00D6F81D /* LaunchScreen.storyboard in Resources */,
				30AB20722636C65100F97736 /* ofont.ru_SFUIDisplay.ttf in Resources */,
				30AB20922637F59200F97736 /* sf-ui-display-semibold-58646eddcae92.otf in Resources */,
				30AB204F2636B3DC00F97736 /* sf-ui-display-medium-58646be638f96.otf in Resources */,
				30A6567C26038A8D00D6F81D /* Assets.xcassets in Resources */,
			);
			runOnlyForDeploymentPostprocessing = 0;
		};
/* End PBXResourcesBuildPhase section */

/* Begin PBXShellScriptBuildPhase section */
		28F498F5AC8B90945CD5F31A /* [CP] Embed Pods Frameworks */ = {
			isa = PBXShellScriptBuildPhase;
			buildActionMask = 2147483647;
			files = (
			);
			inputFileListPaths = (
				"${PODS_ROOT}/Target Support Files/Pods-SignDetector/Pods-SignDetector-frameworks-${CONFIGURATION}-input-files.xcfilelist",
			);
			name = "[CP] Embed Pods Frameworks";
			outputFileListPaths = (
				"${PODS_ROOT}/Target Support Files/Pods-SignDetector/Pods-SignDetector-frameworks-${CONFIGURATION}-output-files.xcfilelist",
			);
			runOnlyForDeploymentPostprocessing = 0;
			shellPath = /bin/sh;
			shellScript = "\"${PODS_ROOT}/Target Support Files/Pods-SignDetector/Pods-SignDetector-frameworks.sh\"\n";
			showEnvVarsInLog = 0;
		};
		32D93B3112FE55B6553E95AB /* [CP] Check Pods Manifest.lock */ = {
			isa = PBXShellScriptBuildPhase;
			buildActionMask = 2147483647;
			files = (
			);
			inputFileListPaths = (
			);
			inputPaths = (
				"${PODS_PODFILE_DIR_PATH}/Podfile.lock",
				"${PODS_ROOT}/Manifest.lock",
			);
			name = "[CP] Check Pods Manifest.lock";
			outputFileListPaths = (
			);
			outputPaths = (
				"$(DERIVED_FILE_DIR)/Pods-SignDetector-checkManifestLockResult.txt",
			);
			runOnlyForDeploymentPostprocessing = 0;
			shellPath = /bin/sh;
			shellScript = "diff \"${PODS_PODFILE_DIR_PATH}/Podfile.lock\" \"${PODS_ROOT}/Manifest.lock\" > /dev/null\nif [ $? != 0 ] ; then\n    # print error to STDERR\n    echo \"error: The sandbox is not in sync with the Podfile.lock. Run 'pod install' or update your CocoaPods installation.\" >&2\n    exit 1\nfi\n# This output is used by Xcode 'outputs' to avoid re-running this script phase.\necho \"SUCCESS\" > \"${SCRIPT_OUTPUT_FILE_0}\"\n";
			showEnvVarsInLog = 0;
		};
		6D9765B6788E8B8BF2DA47F1 /* [CP] Copy Pods Resources */ = {
			isa = PBXShellScriptBuildPhase;
			buildActionMask = 2147483647;
			files = (
			);
			inputFileListPaths = (
				"${PODS_ROOT}/Target Support Files/Pods-SignDetector/Pods-SignDetector-resources-${CONFIGURATION}-input-files.xcfilelist",
			);
			name = "[CP] Copy Pods Resources";
			outputFileListPaths = (
				"${PODS_ROOT}/Target Support Files/Pods-SignDetector/Pods-SignDetector-resources-${CONFIGURATION}-output-files.xcfilelist",
			);
			runOnlyForDeploymentPostprocessing = 0;
			shellPath = /bin/sh;
			shellScript = "\"${PODS_ROOT}/Target Support Files/Pods-SignDetector/Pods-SignDetector-resources.sh\"\n";
			showEnvVarsInLog = 0;
		};
/* End PBXShellScriptBuildPhase section */

/* Begin PBXSourcesBuildPhase section */
		30A6566B26038A8900D6F81D /* Sources */ = {
			isa = PBXSourcesBuildPhase;
			buildActionMask = 2147483647;
			files = (
				30982F8A263EEFCE006BBFD6 /* MainMapViewController.swift in Sources */,
				30982FA4263F01AF006BBFD6 /* MapTitleView.swift in Sources */,
				30BE11172643FD6C006FC056 /* ServerAddressConstants.swift in Sources */,
				30AB2079263756D600F97736 /* OTPViewController.swift in Sources */,
				30AB20522636B40E00F97736 /* UIFont + Extension.swift in Sources */,
				30BE112026441680006FC056 /* NetworkingGlobalModels.swift in Sources */,
				30BE111C26440088006FC056 /* APIManager.swift in Sources */,
				3064FED02638920F00E11394 /* String + Extension.swift in Sources */,
				30AB20962637FB6C00F97736 /* TextFieldView.swift in Sources */,
				3064FEC52638874D00E11394 /* PersonalCabinetViewController.swift in Sources */,
				30AB208C26375C5300F97736 /* NavigationController + Extension.swift in Sources */,
				30AB20462636B09800F97736 /* UIColor + Extension.swift in Sources */,
				30AB208F2637638E00F97736 /* PersonalDataViewController.swift in Sources */,
				30AB20552636B4FD00F97736 /* UILabel + Extension.swift in Sources */,
				30A6567326038A8900D6F81D /* AppDelegate.swift in Sources */,
				3064FECD26388F1900E11394 /* MyProfileInfoTableViewCell.swift in Sources */,
				30AB204A2636B13E00F97736 /* SignInViewController.swift in Sources */,
				30982FA9263F0E7E006BBFD6 /* VideoModeView.swift in Sources */,
				3064FED7263B0DFF00E11394 /* SettingsViewController.swift in Sources */,
				30AB20992637FC5900F97736 /* UITextField + Extension.swift in Sources */,
				30AB2081263758BE00F97736 /* OTPTextField.swift in Sources */,
				30A6567526038A8900D6F81D /* SceneDelegate.swift in Sources */,
				30AB20892637595D00F97736 /* CALayer + Extension.swift in Sources */,
				30BE111E264405D0006FC056 /* APIError.swift in Sources */,
				3064FECA2638885100E11394 /* PersonalCabinetModel.swift in Sources */,
				30AB2085263758E500F97736 /* OTPStackView.swift in Sources */,
				30982F86263DAC17006BBFD6 /* UIApplication + Extension.swift in Sources */,
				30AB20582636B7AF00F97736 /* UIButton + Extension.swift in Sources */,
				30AB20762636CC8A00F97736 /* Globals.swift in Sources */,
				30BE111A2644004C006FC056 /* AuthService.swift in Sources */,
			);
			runOnlyForDeploymentPostprocessing = 0;
		};
/* End PBXSourcesBuildPhase section */

/* Begin PBXVariantGroup section */
		30A6567D26038A8D00D6F81D /* LaunchScreen.storyboard */ = {
			isa = PBXVariantGroup;
			children = (
				30A6567E26038A8D00D6F81D /* Base */,
			);
			name = LaunchScreen.storyboard;
			sourceTree = "<group>";
		};
/* End PBXVariantGroup section */

/* Begin XCBuildConfiguration section */
		30A6568126038A8D00D6F81D /* Debug */ = {
			isa = XCBuildConfiguration;
			buildSettings = {
				ALWAYS_SEARCH_USER_PATHS = NO;
				CLANG_ANALYZER_NONNULL = YES;
				CLANG_ANALYZER_NUMBER_OBJECT_CONVERSION = YES_AGGRESSIVE;
				CLANG_CXX_LANGUAGE_STANDARD = "gnu++14";
				CLANG_CXX_LIBRARY = "libc++";
				CLANG_ENABLE_MODULES = YES;
				CLANG_ENABLE_OBJC_ARC = YES;
				CLANG_ENABLE_OBJC_WEAK = YES;
				CLANG_WARN_BLOCK_CAPTURE_AUTORELEASING = YES;
				CLANG_WARN_BOOL_CONVERSION = YES;
				CLANG_WARN_COMMA = YES;
				CLANG_WARN_CONSTANT_CONVERSION = YES;
				CLANG_WARN_DEPRECATED_OBJC_IMPLEMENTATIONS = YES;
				CLANG_WARN_DIRECT_OBJC_ISA_USAGE = YES_ERROR;
				CLANG_WARN_DOCUMENTATION_COMMENTS = YES;
				CLANG_WARN_EMPTY_BODY = YES;
				CLANG_WARN_ENUM_CONVERSION = YES;
				CLANG_WARN_INFINITE_RECURSION = YES;
				CLANG_WARN_INT_CONVERSION = YES;
				CLANG_WARN_NON_LITERAL_NULL_CONVERSION = YES;
				CLANG_WARN_OBJC_IMPLICIT_RETAIN_SELF = YES;
				CLANG_WARN_OBJC_LITERAL_CONVERSION = YES;
				CLANG_WARN_OBJC_ROOT_CLASS = YES_ERROR;
				CLANG_WARN_QUOTED_INCLUDE_IN_FRAMEWORK_HEADER = YES;
				CLANG_WARN_RANGE_LOOP_ANALYSIS = YES;
				CLANG_WARN_STRICT_PROTOTYPES = YES;
				CLANG_WARN_SUSPICIOUS_MOVE = YES;
				CLANG_WARN_UNGUARDED_AVAILABILITY = YES_AGGRESSIVE;
				CLANG_WARN_UNREACHABLE_CODE = YES;
				CLANG_WARN__DUPLICATE_METHOD_MATCH = YES;
				COPY_PHASE_STRIP = NO;
				DEBUG_INFORMATION_FORMAT = dwarf;
				ENABLE_STRICT_OBJC_MSGSEND = YES;
				ENABLE_TESTABILITY = YES;
				GCC_C_LANGUAGE_STANDARD = gnu11;
				GCC_DYNAMIC_NO_PIC = NO;
				GCC_NO_COMMON_BLOCKS = YES;
				GCC_OPTIMIZATION_LEVEL = 0;
				GCC_PREPROCESSOR_DEFINITIONS = (
					"DEBUG=1",
					"$(inherited)",
				);
				GCC_WARN_64_TO_32_BIT_CONVERSION = YES;
				GCC_WARN_ABOUT_RETURN_TYPE = YES_ERROR;
				GCC_WARN_UNDECLARED_SELECTOR = YES;
				GCC_WARN_UNINITIALIZED_AUTOS = YES_AGGRESSIVE;
				GCC_WARN_UNUSED_FUNCTION = YES;
				GCC_WARN_UNUSED_VARIABLE = YES;
				IPHONEOS_DEPLOYMENT_TARGET = 14.3;
				MTL_ENABLE_DEBUG_INFO = INCLUDE_SOURCE;
				MTL_FAST_MATH = YES;
				ONLY_ACTIVE_ARCH = YES;
				SDKROOT = iphoneos;
				SWIFT_ACTIVE_COMPILATION_CONDITIONS = DEBUG;
				SWIFT_OPTIMIZATION_LEVEL = "-Onone";
			};
			name = Debug;
		};
		30A6568226038A8D00D6F81D /* Release */ = {
			isa = XCBuildConfiguration;
			buildSettings = {
				ALWAYS_SEARCH_USER_PATHS = NO;
				CLANG_ANALYZER_NONNULL = YES;
				CLANG_ANALYZER_NUMBER_OBJECT_CONVERSION = YES_AGGRESSIVE;
				CLANG_CXX_LANGUAGE_STANDARD = "gnu++14";
				CLANG_CXX_LIBRARY = "libc++";
				CLANG_ENABLE_MODULES = YES;
				CLANG_ENABLE_OBJC_ARC = YES;
				CLANG_ENABLE_OBJC_WEAK = YES;
				CLANG_WARN_BLOCK_CAPTURE_AUTORELEASING = YES;
				CLANG_WARN_BOOL_CONVERSION = YES;
				CLANG_WARN_COMMA = YES;
				CLANG_WARN_CONSTANT_CONVERSION = YES;
				CLANG_WARN_DEPRECATED_OBJC_IMPLEMENTATIONS = YES;
				CLANG_WARN_DIRECT_OBJC_ISA_USAGE = YES_ERROR;
				CLANG_WARN_DOCUMENTATION_COMMENTS = YES;
				CLANG_WARN_EMPTY_BODY = YES;
				CLANG_WARN_ENUM_CONVERSION = YES;
				CLANG_WARN_INFINITE_RECURSION = YES;
				CLANG_WARN_INT_CONVERSION = YES;
				CLANG_WARN_NON_LITERAL_NULL_CONVERSION = YES;
				CLANG_WARN_OBJC_IMPLICIT_RETAIN_SELF = YES;
				CLANG_WARN_OBJC_LITERAL_CONVERSION = YES;
				CLANG_WARN_OBJC_ROOT_CLASS = YES_ERROR;
				CLANG_WARN_QUOTED_INCLUDE_IN_FRAMEWORK_HEADER = YES;
				CLANG_WARN_RANGE_LOOP_ANALYSIS = YES;
				CLANG_WARN_STRICT_PROTOTYPES = YES;
				CLANG_WARN_SUSPICIOUS_MOVE = YES;
				CLANG_WARN_UNGUARDED_AVAILABILITY = YES_AGGRESSIVE;
				CLANG_WARN_UNREACHABLE_CODE = YES;
				CLANG_WARN__DUPLICATE_METHOD_MATCH = YES;
				COPY_PHASE_STRIP = NO;
				DEBUG_INFORMATION_FORMAT = "dwarf-with-dsym";
				ENABLE_NS_ASSERTIONS = NO;
				ENABLE_STRICT_OBJC_MSGSEND = YES;
				GCC_C_LANGUAGE_STANDARD = gnu11;
				GCC_NO_COMMON_BLOCKS = YES;
				GCC_WARN_64_TO_32_BIT_CONVERSION = YES;
				GCC_WARN_ABOUT_RETURN_TYPE = YES_ERROR;
				GCC_WARN_UNDECLARED_SELECTOR = YES;
				GCC_WARN_UNINITIALIZED_AUTOS = YES_AGGRESSIVE;
				GCC_WARN_UNUSED_FUNCTION = YES;
				GCC_WARN_UNUSED_VARIABLE = YES;
				IPHONEOS_DEPLOYMENT_TARGET = 14.3;
				MTL_ENABLE_DEBUG_INFO = NO;
				MTL_FAST_MATH = YES;
				SDKROOT = iphoneos;
				SWIFT_COMPILATION_MODE = wholemodule;
				SWIFT_OPTIMIZATION_LEVEL = "-O";
				VALIDATE_PRODUCT = YES;
			};
			name = Release;
		};
		30A6568426038A8D00D6F81D /* Debug */ = {
			isa = XCBuildConfiguration;
			baseConfigurationReference = 30AB1C52DCF9290157196F7B /* Pods-SignDetector.debug.xcconfig */;
			buildSettings = {
				ASSETCATALOG_COMPILER_APPICON_NAME = AppIcon;
				ASSETCATALOG_COMPILER_GLOBAL_ACCENT_COLOR_NAME = AccentColor;
				CODE_SIGN_STYLE = Automatic;
				DEVELOPMENT_TEAM = GL28D5C2MP;
				INFOPLIST_FILE = SignDetector/Info.plist;
				LD_RUNPATH_SEARCH_PATHS = (
					"$(inherited)",
					"@executable_path/Frameworks",
				);
				PRODUCT_BUNDLE_IDENTIFIER = Bsw20.SignDetector;
				PRODUCT_NAME = "$(TARGET_NAME)";
				SWIFT_VERSION = 5.0;
				TARGETED_DEVICE_FAMILY = "1,2";
			};
			name = Debug;
		};
		30A6568526038A8D00D6F81D /* Release */ = {
			isa = XCBuildConfiguration;
			baseConfigurationReference = 738761DD886E9BF96DFB658A /* Pods-SignDetector.release.xcconfig */;
			buildSettings = {
				ASSETCATALOG_COMPILER_APPICON_NAME = AppIcon;
				ASSETCATALOG_COMPILER_GLOBAL_ACCENT_COLOR_NAME = AccentColor;
				CODE_SIGN_STYLE = Automatic;
				DEVELOPMENT_TEAM = GL28D5C2MP;
				INFOPLIST_FILE = SignDetector/Info.plist;
				LD_RUNPATH_SEARCH_PATHS = (
					"$(inherited)",
					"@executable_path/Frameworks",
				);
				PRODUCT_BUNDLE_IDENTIFIER = Bsw20.SignDetector;
				PRODUCT_NAME = "$(TARGET_NAME)";
				SWIFT_VERSION = 5.0;
				TARGETED_DEVICE_FAMILY = "1,2";
			};
			name = Release;
		};
/* End XCBuildConfiguration section */

/* Begin XCConfigurationList section */
		30A6566A26038A8900D6F81D /* Build configuration list for PBXProject "SignDetector" */ = {
			isa = XCConfigurationList;
			buildConfigurations = (
				30A6568126038A8D00D6F81D /* Debug */,
				30A6568226038A8D00D6F81D /* Release */,
			);
			defaultConfigurationIsVisible = 0;
			defaultConfigurationName = Release;
		};
		30A6568326038A8D00D6F81D /* Build configuration list for PBXNativeTarget "SignDetector" */ = {
			isa = XCConfigurationList;
			buildConfigurations = (
				30A6568426038A8D00D6F81D /* Debug */,
				30A6568526038A8D00D6F81D /* Release */,
			);
			defaultConfigurationIsVisible = 0;
			defaultConfigurationName = Release;
		};
/* End XCConfigurationList section */
	};
	rootObject = 30A6566726038A8900D6F81D /* Project object */;
}
